// !$*UTF8*$!
{
	archiveVersion = 1;
	classes = {
	};
	objectVersion = 55;
	objects = {

/* Begin PBXBuildFile section */
		E23CC83A2993E2FE0093D4C9 /* SearchBar.swift in Sources */ = {isa = PBXBuildFile; fileRef = E23CC8392993E2FE0093D4C9 /* SearchBar.swift */; };
		E23CC83C2993ED5A0093D4C9 /* ResultsList.swift in Sources */ = {isa = PBXBuildFile; fileRef = E23CC83B2993ED5A0093D4C9 /* ResultsList.swift */; };
		E23CC83E2993F0940093D4C9 /* SearchManager.swift in Sources */ = {isa = PBXBuildFile; fileRef = E23CC83D2993F0940093D4C9 /* SearchManager.swift */; };
		E23CC8412993F8F50093D4C9 /* Place.swift in Sources */ = {isa = PBXBuildFile; fileRef = E23CC8402993F8F50093D4C9 /* Place.swift */; };
		E23CC8432993FDF70093D4C9 /* PlacesManager.swift in Sources */ = {isa = PBXBuildFile; fileRef = E23CC8422993FDF70093D4C9 /* PlacesManager.swift */; };
		E23CC8462993FF9C0093D4C9 /* PlaceRow.swift in Sources */ = {isa = PBXBuildFile; fileRef = E23CC8452993FF9C0093D4C9 /* PlaceRow.swift */; };
		E2401A8C29915E6000C95658 /* DirectionManager.swift in Sources */ = {isa = PBXBuildFile; fileRef = E2401A8B29915E6000C95658 /* DirectionManager.swift */; };
		E2799BB0298968CB00EF6C89 /* MapProjectApp.swift in Sources */ = {isa = PBXBuildFile; fileRef = E2799BAF298968CB00EF6C89 /* MapProjectApp.swift */; };
		E2799BB2298968CB00EF6C89 /* ContentView.swift in Sources */ = {isa = PBXBuildFile; fileRef = E2799BB1298968CB00EF6C89 /* ContentView.swift */; };
		E2799BB4298968CC00EF6C89 /* Assets.xcassets in Resources */ = {isa = PBXBuildFile; fileRef = E2799BB3298968CC00EF6C89 /* Assets.xcassets */; };
		E2799BB7298968CC00EF6C89 /* Preview Assets.xcassets in Resources */ = {isa = PBXBuildFile; fileRef = E2799BB6298968CC00EF6C89 /* Preview Assets.xcassets */; };
		E294EFA92989738E0009278B /* MapView.swift in Sources */ = {isa = PBXBuildFile; fileRef = E294EFA82989738E0009278B /* MapView.swift */; };
		E294EFAC298AAC0E0009278B /* City.swift in Sources */ = {isa = PBXBuildFile; fileRef = E294EFAB298AAC0E0009278B /* City.swift */; };
		E294EFAF298AAC860009278B /* MapViewController.swift in Sources */ = {isa = PBXBuildFile; fileRef = E294EFAE298AAC860009278B /* MapViewController.swift */; };
		E294EFB1298AAC960009278B /* MapViewControllerBridge.swift in Sources */ = {isa = PBXBuildFile; fileRef = E294EFB0298AAC960009278B /* MapViewControllerBridge.swift */; };
		E2E8EBEB29950E55002476E1 /* PlaceDetails.swift in Sources */ = {isa = PBXBuildFile; fileRef = E2E8EBEA29950E54002476E1 /* PlaceDetails.swift */; };
		E2E8EBEE29952469002476E1 /* APIKEys.swift in Sources */ = {isa = PBXBuildFile; fileRef = E2E8EBED29952469002476E1 /* APIKEys.swift */; };
		E2E8EBF0299526F1002476E1 /* PlaceDetailsView.swift in Sources */ = {isa = PBXBuildFile; fileRef = E2E8EBEF299526F1002476E1 /* PlaceDetailsView.swift */; };
		E2E8EBF629966A37002476E1 /* Route.swift in Sources */ = {isa = PBXBuildFile; fileRef = E2E8EBF529966A37002476E1 /* Route.swift */; };
		E2E8EBF829966A52002476E1 /* Step.swift in Sources */ = {isa = PBXBuildFile; fileRef = E2E8EBF729966A52002476E1 /* Step.swift */; };
		E2E8EBFA29966B5F002476E1 /* Leg.swift in Sources */ = {isa = PBXBuildFile; fileRef = E2E8EBF929966B5F002476E1 /* Leg.swift */; };
		E2E8EBFC29966C5F002476E1 /* Direction.swift in Sources */ = {isa = PBXBuildFile; fileRef = E2E8EBFB29966C5F002476E1 /* Direction.swift */; };
		E2E8EBFE299676C2002476E1 /* Direction+Decoding.swift in Sources */ = {isa = PBXBuildFile; fileRef = E2E8EBFD299676C2002476E1 /* Direction+Decoding.swift */; };
		E2E8EC00299676CC002476E1 /* Route+Decoding.swift in Sources */ = {isa = PBXBuildFile; fileRef = E2E8EBFF299676CC002476E1 /* Route+Decoding.swift */; };
		E2E8EC02299676D8002476E1 /* Leg+Decoding.swift in Sources */ = {isa = PBXBuildFile; fileRef = E2E8EC01299676D7002476E1 /* Leg+Decoding.swift */; };
		E2E8EC04299676E2002476E1 /* Step+Decoding.swift in Sources */ = {isa = PBXBuildFile; fileRef = E2E8EC03299676E2002476E1 /* Step+Decoding.swift */; };
		FC970DCCA3CC823215910E3B /* Pods_MapProject.framework in Frameworks */ = {isa = PBXBuildFile; fileRef = 857E8D20FDF5A69F118780B5 /* Pods_MapProject.framework */; };
/* End PBXBuildFile section */

/* Begin PBXFileReference section */
		4C44EB135DA64471EB902285 /* Pods-MapProject.debug.xcconfig */ = {isa = PBXFileReference; includeInIndex = 1; lastKnownFileType = text.xcconfig; name = "Pods-MapProject.debug.xcconfig"; path = "Target Support Files/Pods-MapProject/Pods-MapProject.debug.xcconfig"; sourceTree = "<group>"; };
		5B4C15725C549F026F924633 /* Pods-MapProject.release.xcconfig */ = {isa = PBXFileReference; includeInIndex = 1; lastKnownFileType = text.xcconfig; name = "Pods-MapProject.release.xcconfig"; path = "Target Support Files/Pods-MapProject/Pods-MapProject.release.xcconfig"; sourceTree = "<group>"; };
		857E8D20FDF5A69F118780B5 /* Pods_MapProject.framework */ = {isa = PBXFileReference; explicitFileType = wrapper.framework; includeInIndex = 0; path = Pods_MapProject.framework; sourceTree = BUILT_PRODUCTS_DIR; };
		E23CC8392993E2FE0093D4C9 /* SearchBar.swift */ = {isa = PBXFileReference; lastKnownFileType = sourcecode.swift; path = SearchBar.swift; sourceTree = "<group>"; };
		E23CC83B2993ED5A0093D4C9 /* ResultsList.swift */ = {isa = PBXFileReference; lastKnownFileType = sourcecode.swift; path = ResultsList.swift; sourceTree = "<group>"; };
		E23CC83D2993F0940093D4C9 /* SearchManager.swift */ = {isa = PBXFileReference; lastKnownFileType = sourcecode.swift; path = SearchManager.swift; sourceTree = "<group>"; };
		E23CC8402993F8F50093D4C9 /* Place.swift */ = {isa = PBXFileReference; lastKnownFileType = sourcecode.swift; path = Place.swift; sourceTree = "<group>"; };
		E23CC8422993FDF70093D4C9 /* PlacesManager.swift */ = {isa = PBXFileReference; lastKnownFileType = sourcecode.swift; path = PlacesManager.swift; sourceTree = "<group>"; };
		E23CC8452993FF9C0093D4C9 /* PlaceRow.swift */ = {isa = PBXFileReference; lastKnownFileType = sourcecode.swift; path = PlaceRow.swift; sourceTree = "<group>"; };
		E2401A8B29915E6000C95658 /* DirectionManager.swift */ = {isa = PBXFileReference; lastKnownFileType = sourcecode.swift; path = DirectionManager.swift; sourceTree = "<group>"; };
		E2799BAC298968CB00EF6C89 /* MapProject.app */ = {isa = PBXFileReference; explicitFileType = wrapper.application; includeInIndex = 0; path = MapProject.app; sourceTree = BUILT_PRODUCTS_DIR; };
		E2799BAF298968CB00EF6C89 /* MapProjectApp.swift */ = {isa = PBXFileReference; lastKnownFileType = sourcecode.swift; path = MapProjectApp.swift; sourceTree = "<group>"; };
		E2799BB1298968CB00EF6C89 /* ContentView.swift */ = {isa = PBXFileReference; lastKnownFileType = sourcecode.swift; path = ContentView.swift; sourceTree = "<group>"; };
		E2799BB3298968CC00EF6C89 /* Assets.xcassets */ = {isa = PBXFileReference; lastKnownFileType = folder.assetcatalog; path = Assets.xcassets; sourceTree = "<group>"; };
		E2799BB6298968CC00EF6C89 /* Preview Assets.xcassets */ = {isa = PBXFileReference; lastKnownFileType = folder.assetcatalog; path = "Preview Assets.xcassets"; sourceTree = "<group>"; };
		E294EFA82989738E0009278B /* MapView.swift */ = {isa = PBXFileReference; lastKnownFileType = sourcecode.swift; path = MapView.swift; sourceTree = "<group>"; };
		E294EFAB298AAC0E0009278B /* City.swift */ = {isa = PBXFileReference; lastKnownFileType = sourcecode.swift; path = City.swift; sourceTree = "<group>"; };
		E294EFAE298AAC860009278B /* MapViewController.swift */ = {isa = PBXFileReference; lastKnownFileType = sourcecode.swift; path = MapViewController.swift; sourceTree = "<group>"; };
		E294EFB0298AAC960009278B /* MapViewControllerBridge.swift */ = {isa = PBXFileReference; lastKnownFileType = sourcecode.swift; path = MapViewControllerBridge.swift; sourceTree = "<group>"; };
		E2E8EBEA29950E54002476E1 /* PlaceDetails.swift */ = {isa = PBXFileReference; fileEncoding = 4; lastKnownFileType = sourcecode.swift; path = PlaceDetails.swift; sourceTree = "<group>"; };
		E2E8EBED29952469002476E1 /* APIKEys.swift */ = {isa = PBXFileReference; lastKnownFileType = sourcecode.swift; path = APIKEys.swift; sourceTree = "<group>"; };
		E2E8EBEF299526F1002476E1 /* PlaceDetailsView.swift */ = {isa = PBXFileReference; lastKnownFileType = sourcecode.swift; path = PlaceDetailsView.swift; sourceTree = "<group>"; };
		E2E8EBF529966A37002476E1 /* Route.swift */ = {isa = PBXFileReference; lastKnownFileType = sourcecode.swift; path = Route.swift; sourceTree = "<group>"; };
		E2E8EBF729966A52002476E1 /* Step.swift */ = {isa = PBXFileReference; lastKnownFileType = sourcecode.swift; path = Step.swift; sourceTree = "<group>"; };
		E2E8EBF929966B5F002476E1 /* Leg.swift */ = {isa = PBXFileReference; lastKnownFileType = sourcecode.swift; path = Leg.swift; sourceTree = "<group>"; };
		E2E8EBFB29966C5F002476E1 /* Direction.swift */ = {isa = PBXFileReference; lastKnownFileType = sourcecode.swift; path = Direction.swift; sourceTree = "<group>"; };
		E2E8EBFD299676C2002476E1 /* Direction+Decoding.swift */ = {isa = PBXFileReference; lastKnownFileType = sourcecode.swift; path = "Direction+Decoding.swift"; sourceTree = "<group>"; };
		E2E8EBFF299676CC002476E1 /* Route+Decoding.swift */ = {isa = PBXFileReference; lastKnownFileType = sourcecode.swift; path = "Route+Decoding.swift"; sourceTree = "<group>"; };
		E2E8EC01299676D7002476E1 /* Leg+Decoding.swift */ = {isa = PBXFileReference; lastKnownFileType = sourcecode.swift; path = "Leg+Decoding.swift"; sourceTree = "<group>"; };
		E2E8EC03299676E2002476E1 /* Step+Decoding.swift */ = {isa = PBXFileReference; lastKnownFileType = sourcecode.swift; path = "Step+Decoding.swift"; sourceTree = "<group>"; };
/* End PBXFileReference section */

/* Begin PBXFrameworksBuildPhase section */
		E2799BA9298968CB00EF6C89 /* Frameworks */ = {
			isa = PBXFrameworksBuildPhase;
			buildActionMask = 2147483647;
			files = (
				FC970DCCA3CC823215910E3B /* Pods_MapProject.framework in Frameworks */,
			);
			runOnlyForDeploymentPostprocessing = 0;
		};
/* End PBXFrameworksBuildPhase section */

/* Begin PBXGroup section */
		AE9EC94A1B14171938559ABC /* Pods */ = {
			isa = PBXGroup;
			children = (
				4C44EB135DA64471EB902285 /* Pods-MapProject.debug.xcconfig */,
				5B4C15725C549F026F924633 /* Pods-MapProject.release.xcconfig */,
			);
			path = Pods;
			sourceTree = "<group>";
		};
		C21A6FEF886399828958C714 /* Frameworks */ = {
			isa = PBXGroup;
			children = (
				857E8D20FDF5A69F118780B5 /* Pods_MapProject.framework */,
			);
			name = Frameworks;
			sourceTree = "<group>";
		};
		E23CC8382993E2E40093D4C9 /* ReusableViews */ = {
			isa = PBXGroup;
			children = (
				E23CC8442993FF8D0093D4C9 /* Places */,
				E23CC8392993E2FE0093D4C9 /* SearchBar.swift */,
				E23CC83B2993ED5A0093D4C9 /* ResultsList.swift */,
			);
			path = ReusableViews;
			sourceTree = "<group>";
		};
		E23CC83F2993F8E80093D4C9 /* Places */ = {
			isa = PBXGroup;
			children = (
				E23CC8402993F8F50093D4C9 /* Place.swift */,
				E2E8EBEA29950E54002476E1 /* PlaceDetails.swift */,
				E23CC8422993FDF70093D4C9 /* PlacesManager.swift */,
			);
			path = Places;
			sourceTree = "<group>";
		};
		E23CC8442993FF8D0093D4C9 /* Places */ = {
			isa = PBXGroup;
			children = (
				E23CC8452993FF9C0093D4C9 /* PlaceRow.swift */,
				E2E8EBEF299526F1002476E1 /* PlaceDetailsView.swift */,
			);
			path = Places;
			sourceTree = "<group>";
		};
		E2799BA3298968CB00EF6C89 = {
			isa = PBXGroup;
			children = (
				E2799BAE298968CB00EF6C89 /* MapProject */,
				E2799BAD298968CB00EF6C89 /* Products */,
				AE9EC94A1B14171938559ABC /* Pods */,
				C21A6FEF886399828958C714 /* Frameworks */,
			);
			sourceTree = "<group>";
		};
		E2799BAD298968CB00EF6C89 /* Products */ = {
			isa = PBXGroup;
			children = (
				E2799BAC298968CB00EF6C89 /* MapProject.app */,
			);
			name = Products;
			sourceTree = "<group>";
		};
		E2799BAE298968CB00EF6C89 /* MapProject */ = {
			isa = PBXGroup;
			children = (
				E2E8EBEC2995244D002476E1 /* App */,
				E2E8EBF429966A1B002476E1 /* Direction */,
				E23CC83F2993F8E80093D4C9 /* Places */,
				E294EFAD298AAC790009278B /* MapController */,
				E294EFAA298AAC020009278B /* City */,
				E2799BB1298968CB00EF6C89 /* ContentView.swift */,
				E23CC8382993E2E40093D4C9 /* ReusableViews */,
				E2799BB3298968CC00EF6C89 /* Assets.xcassets */,
				E2799BB5298968CC00EF6C89 /* Preview Content */,
				E294EFA82989738E0009278B /* MapView.swift */,
			);
			path = MapProject;
			sourceTree = "<group>";
		};
		E2799BB5298968CC00EF6C89 /* Preview Content */ = {
			isa = PBXGroup;
			children = (
				E2799BB6298968CC00EF6C89 /* Preview Assets.xcassets */,
			);
			path = "Preview Content";
			sourceTree = "<group>";
		};
		E294EFAA298AAC020009278B /* City */ = {
			isa = PBXGroup;
			children = (
				E294EFAB298AAC0E0009278B /* City.swift */,
			);
			path = City;
			sourceTree = "<group>";
		};
		E294EFAD298AAC790009278B /* MapController */ = {
			isa = PBXGroup;
			children = (
				E294EFAE298AAC860009278B /* MapViewController.swift */,
				E294EFB0298AAC960009278B /* MapViewControllerBridge.swift */,
				E2401A8B29915E6000C95658 /* DirectionManager.swift */,
				E23CC83D2993F0940093D4C9 /* SearchManager.swift */,
			);
			path = MapController;
			sourceTree = "<group>";
		};
		E2E8EBEC2995244D002476E1 /* App */ = {
			isa = PBXGroup;
			children = (
				E2799BAF298968CB00EF6C89 /* MapProjectApp.swift */,
				E2E8EBED29952469002476E1 /* APIKEys.swift */,
			);
			path = App;
			sourceTree = "<group>";
		};
		E2E8EBF429966A1B002476E1 /* Direction */ = {
			isa = PBXGroup;
			children = (
				E2E8EC05299676EE002476E1 /* Direction */,
				E2E8EC0629967703002476E1 /* Route */,
				E2E8EC072996770B002476E1 /* Leg */,
				E2E8EC0829967712002476E1 /* Step */,
			);
			path = Direction;
			sourceTree = "<group>";
		};
		E2E8EC05299676EE002476E1 /* Direction */ = {
			isa = PBXGroup;
			children = (
				E2E8EBFB29966C5F002476E1 /* Direction.swift */,
				E2E8EBFD299676C2002476E1 /* Direction+Decoding.swift */,
			);
			path = Direction;
			sourceTree = "<group>";
		};
		E2E8EC0629967703002476E1 /* Route */ = {
			isa = PBXGroup;
			children = (
				E2E8EBF529966A37002476E1 /* Route.swift */,
				E2E8EBFF299676CC002476E1 /* Route+Decoding.swift */,
			);
			path = Route;
			sourceTree = "<group>";
		};
		E2E8EC072996770B002476E1 /* Leg */ = {
			isa = PBXGroup;
			children = (
				E2E8EBF929966B5F002476E1 /* Leg.swift */,
				E2E8EC01299676D7002476E1 /* Leg+Decoding.swift */,
			);
			path = Leg;
			sourceTree = "<group>";
		};
		E2E8EC0829967712002476E1 /* Step */ = {
			isa = PBXGroup;
			children = (
				E2E8EBF729966A52002476E1 /* Step.swift */,
				E2E8EC03299676E2002476E1 /* Step+Decoding.swift */,
			);
			path = Step;
			sourceTree = "<group>";
		};
/* End PBXGroup section */

/* Begin PBXNativeTarget section */
		E2799BAB298968CB00EF6C89 /* MapProject */ = {
			isa = PBXNativeTarget;
			buildConfigurationList = E2799BBA298968CC00EF6C89 /* Build configuration list for PBXNativeTarget "MapProject" */;
			buildPhases = (
				D2F5E56FEFE56358DEFA5A7A /* [CP] Check Pods Manifest.lock */,
				E2799BA8298968CB00EF6C89 /* Sources */,
				E2799BA9298968CB00EF6C89 /* Frameworks */,
				E2799BAA298968CB00EF6C89 /* Resources */,
				200A8E754E999A59D16983D6 /* [CP] Copy Pods Resources */,
				C3E680FEE47FC6966665FD70 /* [CP] Embed Pods Frameworks */,
			);
			buildRules = (
			);
			dependencies = (
			);
			name = MapProject;
			productName = MapProject;
			productReference = E2799BAC298968CB00EF6C89 /* MapProject.app */;
			productType = "com.apple.product-type.application";
		};
/* End PBXNativeTarget section */

/* Begin PBXProject section */
		E2799BA4298968CB00EF6C89 /* Project object */ = {
			isa = PBXProject;
			attributes = {
				BuildIndependentTargetsInParallel = 1;
				LastSwiftUpdateCheck = 1420;
				LastUpgradeCheck = 1420;
				TargetAttributes = {
					E2799BAB298968CB00EF6C89 = {
						CreatedOnToolsVersion = 14.2;
					};
				};
			};
			buildConfigurationList = E2799BA7298968CB00EF6C89 /* Build configuration list for PBXProject "MapProject" */;
			compatibilityVersion = "Xcode 13.0";
			developmentRegion = en;
			hasScannedForEncodings = 0;
			knownRegions = (
				en,
				Base,
			);
			mainGroup = E2799BA3298968CB00EF6C89;
			productRefGroup = E2799BAD298968CB00EF6C89 /* Products */;
			projectDirPath = "";
			projectRoot = "";
			targets = (
				E2799BAB298968CB00EF6C89 /* MapProject */,
			);
		};
/* End PBXProject section */

/* Begin PBXResourcesBuildPhase section */
		E2799BAA298968CB00EF6C89 /* Resources */ = {
			isa = PBXResourcesBuildPhase;
			buildActionMask = 2147483647;
			files = (
				E2799BB7298968CC00EF6C89 /* Preview Assets.xcassets in Resources */,
				E2799BB4298968CC00EF6C89 /* Assets.xcassets in Resources */,
			);
			runOnlyForDeploymentPostprocessing = 0;
		};
/* End PBXResourcesBuildPhase section */

/* Begin PBXShellScriptBuildPhase section */
		200A8E754E999A59D16983D6 /* [CP] Copy Pods Resources */ = {
			isa = PBXShellScriptBuildPhase;
			buildActionMask = 2147483647;
			files = (
			);
			inputFileListPaths = (
				"${PODS_ROOT}/Target Support Files/Pods-MapProject/Pods-MapProject-resources-${CONFIGURATION}-input-files.xcfilelist",
			);
			name = "[CP] Copy Pods Resources";
			outputFileListPaths = (
				"${PODS_ROOT}/Target Support Files/Pods-MapProject/Pods-MapProject-resources-${CONFIGURATION}-output-files.xcfilelist",
			);
			runOnlyForDeploymentPostprocessing = 0;
			shellPath = /bin/sh;
			shellScript = "\"${PODS_ROOT}/Target Support Files/Pods-MapProject/Pods-MapProject-resources.sh\"\n";
			showEnvVarsInLog = 0;
		};
		C3E680FEE47FC6966665FD70 /* [CP] Embed Pods Frameworks */ = {
			isa = PBXShellScriptBuildPhase;
			buildActionMask = 2147483647;
			files = (
			);
			inputFileListPaths = (
				"${PODS_ROOT}/Target Support Files/Pods-MapProject/Pods-MapProject-frameworks-${CONFIGURATION}-input-files.xcfilelist",
			);
			name = "[CP] Embed Pods Frameworks";
			outputFileListPaths = (
				"${PODS_ROOT}/Target Support Files/Pods-MapProject/Pods-MapProject-frameworks-${CONFIGURATION}-output-files.xcfilelist",
			);
			runOnlyForDeploymentPostprocessing = 0;
			shellPath = /bin/sh;
			shellScript = "\"${PODS_ROOT}/Target Support Files/Pods-MapProject/Pods-MapProject-frameworks.sh\"\n";
			showEnvVarsInLog = 0;
		};
		D2F5E56FEFE56358DEFA5A7A /* [CP] Check Pods Manifest.lock */ = {
			isa = PBXShellScriptBuildPhase;
			buildActionMask = 2147483647;
			files = (
			);
			inputFileListPaths = (
			);
			inputPaths = (
				"${PODS_PODFILE_DIR_PATH}/Podfile.lock",
				"${PODS_ROOT}/Manifest.lock",
			);
			name = "[CP] Check Pods Manifest.lock";
			outputFileListPaths = (
			);
			outputPaths = (
				"$(DERIVED_FILE_DIR)/Pods-MapProject-checkManifestLockResult.txt",
			);
			runOnlyForDeploymentPostprocessing = 0;
			shellPath = /bin/sh;
			shellScript = "diff \"${PODS_PODFILE_DIR_PATH}/Podfile.lock\" \"${PODS_ROOT}/Manifest.lock\" > /dev/null\nif [ $? != 0 ] ; then\n    # print error to STDERR\n    echo \"error: The sandbox is not in sync with the Podfile.lock. Run 'pod install' or update your CocoaPods installation.\" >&2\n    exit 1\nfi\n# This output is used by Xcode 'outputs' to avoid re-running this script phase.\necho \"SUCCESS\" > \"${SCRIPT_OUTPUT_FILE_0}\"\n";
			showEnvVarsInLog = 0;
		};
/* End PBXShellScriptBuildPhase section */

/* Begin PBXSourcesBuildPhase section */
		E2799BA8298968CB00EF6C89 /* Sources */ = {
			isa = PBXSourcesBuildPhase;
			buildActionMask = 2147483647;
			files = (
				E2E8EBFE299676C2002476E1 /* Direction+Decoding.swift in Sources */,
				E294EFB1298AAC960009278B /* MapViewControllerBridge.swift in Sources */,
				E2E8EC04299676E2002476E1 /* Step+Decoding.swift in Sources */,
				E2799BB2298968CB00EF6C89 /* ContentView.swift in Sources */,
				E23CC83C2993ED5A0093D4C9 /* ResultsList.swift in Sources */,
				E2E8EBFC29966C5F002476E1 /* Direction.swift in Sources */,
				E294EFA92989738E0009278B /* MapView.swift in Sources */,
				E294EFAC298AAC0E0009278B /* City.swift in Sources */,
				E23CC8432993FDF70093D4C9 /* PlacesManager.swift in Sources */,
				E2E8EC00299676CC002476E1 /* Route+Decoding.swift in Sources */,
				E2E8EBEE29952469002476E1 /* APIKEys.swift in Sources */,
				E2E8EBF0299526F1002476E1 /* PlaceDetailsView.swift in Sources */,
				E294EFAF298AAC860009278B /* MapViewController.swift in Sources */,
				E2E8EBF629966A37002476E1 /* Route.swift in Sources */,
				E23CC83A2993E2FE0093D4C9 /* SearchBar.swift in Sources */,
				E2E8EBF829966A52002476E1 /* Step.swift in Sources */,
				E2E8EC02299676D8002476E1 /* Leg+Decoding.swift in Sources */,
				E2E8EBFA29966B5F002476E1 /* Leg.swift in Sources */,
				E23CC83E2993F0940093D4C9 /* SearchManager.swift in Sources */,
				E2799BB0298968CB00EF6C89 /* MapProjectApp.swift in Sources */,
				E2E8EBEB29950E55002476E1 /* PlaceDetails.swift in Sources */,
				E23CC8412993F8F50093D4C9 /* Place.swift in Sources */,
				E23CC8462993FF9C0093D4C9 /* PlaceRow.swift in Sources */,
				E2401A8C29915E6000C95658 /* DirectionManager.swift in Sources */,
			);
			runOnlyForDeploymentPostprocessing = 0;
		};
/* End PBXSourcesBuildPhase section */

/* Begin XCBuildConfiguration section */
		E2799BB8298968CC00EF6C89 /* Debug */ = {
			isa = XCBuildConfiguration;
			buildSettings = {
				ALWAYS_SEARCH_USER_PATHS = NO;
				CLANG_ANALYZER_NONNULL = YES;
				CLANG_ANALYZER_NUMBER_OBJECT_CONVERSION = YES_AGGRESSIVE;
				CLANG_CXX_LANGUAGE_STANDARD = "gnu++20";
				CLANG_ENABLE_MODULES = YES;
				CLANG_ENABLE_OBJC_ARC = YES;
				CLANG_ENABLE_OBJC_WEAK = YES;
				CLANG_WARN_BLOCK_CAPTURE_AUTORELEASING = YES;
				CLANG_WARN_BOOL_CONVERSION = YES;
				CLANG_WARN_COMMA = YES;
				CLANG_WARN_CONSTANT_CONVERSION = YES;
				CLANG_WARN_DEPRECATED_OBJC_IMPLEMENTATIONS = YES;
				CLANG_WARN_DIRECT_OBJC_ISA_USAGE = YES_ERROR;
				CLANG_WARN_DOCUMENTATION_COMMENTS = YES;
				CLANG_WARN_EMPTY_BODY = YES;
				CLANG_WARN_ENUM_CONVERSION = YES;
				CLANG_WARN_INFINITE_RECURSION = YES;
				CLANG_WARN_INT_CONVERSION = YES;
				CLANG_WARN_NON_LITERAL_NULL_CONVERSION = YES;
				CLANG_WARN_OBJC_IMPLICIT_RETAIN_SELF = YES;
				CLANG_WARN_OBJC_LITERAL_CONVERSION = YES;
				CLANG_WARN_OBJC_ROOT_CLASS = YES_ERROR;
				CLANG_WARN_QUOTED_INCLUDE_IN_FRAMEWORK_HEADER = YES;
				CLANG_WARN_RANGE_LOOP_ANALYSIS = YES;
				CLANG_WARN_STRICT_PROTOTYPES = YES;
				CLANG_WARN_SUSPICIOUS_MOVE = YES;
				CLANG_WARN_UNGUARDED_AVAILABILITY = YES_AGGRESSIVE;
				CLANG_WARN_UNREACHABLE_CODE = YES;
				CLANG_WARN__DUPLICATE_METHOD_MATCH = YES;
				COPY_PHASE_STRIP = NO;
				DEBUG_INFORMATION_FORMAT = dwarf;
				ENABLE_STRICT_OBJC_MSGSEND = YES;
				ENABLE_TESTABILITY = YES;
				GCC_C_LANGUAGE_STANDARD = gnu11;
				GCC_DYNAMIC_NO_PIC = NO;
				GCC_NO_COMMON_BLOCKS = YES;
				GCC_OPTIMIZATION_LEVEL = 0;
				GCC_PREPROCESSOR_DEFINITIONS = (
					"DEBUG=1",
					"$(inherited)",
				);
				GCC_WARN_64_TO_32_BIT_CONVERSION = YES;
				GCC_WARN_ABOUT_RETURN_TYPE = YES_ERROR;
				GCC_WARN_UNDECLARED_SELECTOR = YES;
				GCC_WARN_UNINITIALIZED_AUTOS = YES_AGGRESSIVE;
				GCC_WARN_UNUSED_FUNCTION = YES;
				GCC_WARN_UNUSED_VARIABLE = YES;
				IPHONEOS_DEPLOYMENT_TARGET = 16.2;
				MTL_ENABLE_DEBUG_INFO = INCLUDE_SOURCE;
				MTL_FAST_MATH = YES;
				ONLY_ACTIVE_ARCH = YES;
				SDKROOT = iphoneos;
				SWIFT_ACTIVE_COMPILATION_CONDITIONS = DEBUG;
				SWIFT_OPTIMIZATION_LEVEL = "-Onone";
			};
			name = Debug;
		};
		E2799BB9298968CC00EF6C89 /* Release */ = {
			isa = XCBuildConfiguration;
			buildSettings = {
				ALWAYS_SEARCH_USER_PATHS = NO;
				CLANG_ANALYZER_NONNULL = YES;
				CLANG_ANALYZER_NUMBER_OBJECT_CONVERSION = YES_AGGRESSIVE;
				CLANG_CXX_LANGUAGE_STANDARD = "gnu++20";
				CLANG_ENABLE_MODULES = YES;
				CLANG_ENABLE_OBJC_ARC = YES;
				CLANG_ENABLE_OBJC_WEAK = YES;
				CLANG_WARN_BLOCK_CAPTURE_AUTORELEASING = YES;
				CLANG_WARN_BOOL_CONVERSION = YES;
				CLANG_WARN_COMMA = YES;
				CLANG_WARN_CONSTANT_CONVERSION = YES;
				CLANG_WARN_DEPRECATED_OBJC_IMPLEMENTATIONS = YES;
				CLANG_WARN_DIRECT_OBJC_ISA_USAGE = YES_ERROR;
				CLANG_WARN_DOCUMENTATION_COMMENTS = YES;
				CLANG_WARN_EMPTY_BODY = YES;
				CLANG_WARN_ENUM_CONVERSION = YES;
				CLANG_WARN_INFINITE_RECURSION = YES;
				CLANG_WARN_INT_CONVERSION = YES;
				CLANG_WARN_NON_LITERAL_NULL_CONVERSION = YES;
				CLANG_WARN_OBJC_IMPLICIT_RETAIN_SELF = YES;
				CLANG_WARN_OBJC_LITERAL_CONVERSION = YES;
				CLANG_WARN_OBJC_ROOT_CLASS = YES_ERROR;
				CLANG_WARN_QUOTED_INCLUDE_IN_FRAMEWORK_HEADER = YES;
				CLANG_WARN_RANGE_LOOP_ANALYSIS = YES;
				CLANG_WARN_STRICT_PROTOTYPES = YES;
				CLANG_WARN_SUSPICIOUS_MOVE = YES;
				CLANG_WARN_UNGUARDED_AVAILABILITY = YES_AGGRESSIVE;
				CLANG_WARN_UNREACHABLE_CODE = YES;
				CLANG_WARN__DUPLICATE_METHOD_MATCH = YES;
				COPY_PHASE_STRIP = NO;
				DEBUG_INFORMATION_FORMAT = "dwarf-with-dsym";
				ENABLE_NS_ASSERTIONS = NO;
				ENABLE_STRICT_OBJC_MSGSEND = YES;
				GCC_C_LANGUAGE_STANDARD = gnu11;
				GCC_NO_COMMON_BLOCKS = YES;
				GCC_WARN_64_TO_32_BIT_CONVERSION = YES;
				GCC_WARN_ABOUT_RETURN_TYPE = YES_ERROR;
				GCC_WARN_UNDECLARED_SELECTOR = YES;
				GCC_WARN_UNINITIALIZED_AUTOS = YES_AGGRESSIVE;
				GCC_WARN_UNUSED_FUNCTION = YES;
				GCC_WARN_UNUSED_VARIABLE = YES;
				IPHONEOS_DEPLOYMENT_TARGET = 16.2;
				MTL_ENABLE_DEBUG_INFO = NO;
				MTL_FAST_MATH = YES;
				SDKROOT = iphoneos;
				SWIFT_COMPILATION_MODE = wholemodule;
				SWIFT_OPTIMIZATION_LEVEL = "-O";
				VALIDATE_PRODUCT = YES;
			};
			name = Release;
		};
		E2799BBB298968CC00EF6C89 /* Debug */ = {
			isa = XCBuildConfiguration;
			baseConfigurationReference = 4C44EB135DA64471EB902285 /* Pods-MapProject.debug.xcconfig */;
			buildSettings = {
				ASSETCATALOG_COMPILER_APPICON_NAME = AppIcon;
				ASSETCATALOG_COMPILER_GLOBAL_ACCENT_COLOR_NAME = AccentColor;
				CODE_SIGN_STYLE = Automatic;
				CURRENT_PROJECT_VERSION = 1;
				DEVELOPMENT_ASSET_PATHS = "\"MapProject/Preview Content\"";
				DEVELOPMENT_TEAM = KWBL32UU3W;
				ENABLE_PREVIEWS = YES;
				GENERATE_INFOPLIST_FILE = YES;
				INFOPLIST_KEY_NSLocationAlwaysAndWhenInUseUsageDescription = "Here!";
				INFOPLIST_KEY_UIApplicationSceneManifest_Generation = YES;
				INFOPLIST_KEY_UIApplicationSupportsIndirectInputEvents = YES;
				INFOPLIST_KEY_UILaunchScreen_Generation = YES;
				INFOPLIST_KEY_UISupportedInterfaceOrientations_iPad = "UIInterfaceOrientationPortrait UIInterfaceOrientationPortraitUpsideDown UIInterfaceOrientationLandscapeLeft UIInterfaceOrientationLandscapeRight";
				INFOPLIST_KEY_UISupportedInterfaceOrientations_iPhone = "UIInterfaceOrientationPortrait UIInterfaceOrientationLandscapeLeft UIInterfaceOrientationLandscapeRight";
				IPHONEOS_DEPLOYMENT_TARGET = 15.0;
				LD_RUNPATH_SEARCH_PATHS = (
					"$(inherited)",
					"@executable_path/Frameworks",
				);
				MARKETING_VERSION = 1.0;
				PRODUCT_BUNDLE_IDENTIFIER = "kattyrina77-gmail.com.MapProject";
				PRODUCT_NAME = "$(TARGET_NAME)";
				SWIFT_EMIT_LOC_STRINGS = YES;
				SWIFT_VERSION = 5.0;
				TARGETED_DEVICE_FAMILY = "1,2";
			};
			name = Debug;
		};
		E2799BBC298968CC00EF6C89 /* Release */ = {
			isa = XCBuildConfiguration;
			baseConfigurationReference = 5B4C15725C549F026F924633 /* Pods-MapProject.release.xcconfig */;
			buildSettings = {
				ASSETCATALOG_COMPILER_APPICON_NAME = AppIcon;
				ASSETCATALOG_COMPILER_GLOBAL_ACCENT_COLOR_NAME = AccentColor;
				CODE_SIGN_STYLE = Automatic;
				CURRENT_PROJECT_VERSION = 1;
				DEVELOPMENT_ASSET_PATHS = "\"MapProject/Preview Content\"";
				DEVELOPMENT_TEAM = KWBL32UU3W;
				ENABLE_PREVIEWS = YES;
				GENERATE_INFOPLIST_FILE = YES;
				INFOPLIST_KEY_NSLocationAlwaysAndWhenInUseUsageDescription = "Here!";
				INFOPLIST_KEY_UIApplicationSceneManifest_Generation = YES;
				INFOPLIST_KEY_UIApplicationSupportsIndirectInputEvents = YES;
				INFOPLIST_KEY_UILaunchScreen_Generation = YES;
				INFOPLIST_KEY_UISupportedInterfaceOrientations_iPad = "UIInterfaceOrientationPortrait UIInterfaceOrientationPortraitUpsideDown UIInterfaceOrientationLandscapeLeft UIInterfaceOrientationLandscapeRight";
				INFOPLIST_KEY_UISupportedInterfaceOrientations_iPhone = "UIInterfaceOrientationPortrait UIInterfaceOrientationLandscapeLeft UIInterfaceOrientationLandscapeRight";
				IPHONEOS_DEPLOYMENT_TARGET = 15.0;
				LD_RUNPATH_SEARCH_PATHS = (
					"$(inherited)",
					"@executable_path/Frameworks",
				);
				MARKETING_VERSION = 1.0;
				PRODUCT_BUNDLE_IDENTIFIER = "kattyrina77-gmail.com.MapProject";
				PRODUCT_NAME = "$(TARGET_NAME)";
				SWIFT_EMIT_LOC_STRINGS = YES;
				SWIFT_VERSION = 5.0;
				TARGETED_DEVICE_FAMILY = "1,2";
			};
			name = Release;
		};
/* End XCBuildConfiguration section */

/* Begin XCConfigurationList section */
		E2799BA7298968CB00EF6C89 /* Build configuration list for PBXProject "MapProject" */ = {
			isa = XCConfigurationList;
			buildConfigurations = (
				E2799BB8298968CC00EF6C89 /* Debug */,
				E2799BB9298968CC00EF6C89 /* Release */,
			);
			defaultConfigurationIsVisible = 0;
			defaultConfigurationName = Release;
		};
		E2799BBA298968CC00EF6C89 /* Build configuration list for PBXNativeTarget "MapProject" */ = {
			isa = XCConfigurationList;
			buildConfigurations = (
				E2799BBB298968CC00EF6C89 /* Debug */,
				E2799BBC298968CC00EF6C89 /* Release */,
			);
			defaultConfigurationIsVisible = 0;
			defaultConfigurationName = Release;
		};
/* End XCConfigurationList section */
	};
	rootObject = E2799BA4298968CB00EF6C89 /* Project object */;
}
