// !$*UTF8*$!
{
	archiveVersion = 1;
	classes = {
	};
	objectVersion = 56;
	objects = {

/* Begin PBXBuildFile section */
		E246C43328C8A8080068B7CC /* WatchOS-Playground Watch App.app in Embed Watch Content */ = {isa = PBXBuildFile; fileRef = E246C43228C8A8080068B7CC /* WatchOS-Playground Watch App.app */; settings = {ATTRIBUTES = (RemoveHeadersOnCopy, ); }; };
		E246C43828C8A8080068B7CC /* WatchOS_PlaygroundApp.swift in Sources */ = {isa = PBXBuildFile; fileRef = E246C43728C8A8080068B7CC /* WatchOS_PlaygroundApp.swift */; };
		E246C43A28C8A8080068B7CC /* ContentView.swift in Sources */ = {isa = PBXBuildFile; fileRef = E246C43928C8A8080068B7CC /* ContentView.swift */; };
		E246C43C28C8A8090068B7CC /* Assets.xcassets in Resources */ = {isa = PBXBuildFile; fileRef = E246C43B28C8A8090068B7CC /* Assets.xcassets */; };
		E246C43F28C8A8090068B7CC /* Preview Assets.xcassets in Resources */ = {isa = PBXBuildFile; fileRef = E246C43E28C8A8090068B7CC /* Preview Assets.xcassets */; };
/* End PBXBuildFile section */

/* Begin PBXContainerItemProxy section */
		E246C43428C8A8080068B7CC /* PBXContainerItemProxy */ = {
			isa = PBXContainerItemProxy;
			containerPortal = E246C42628C8A8070068B7CC /* Project object */;
			proxyType = 1;
			remoteGlobalIDString = E246C43128C8A8080068B7CC;
			remoteInfo = "WatchOS-Playground Watch App";
		};
/* End PBXContainerItemProxy section */

/* Begin PBXCopyFilesBuildPhase section */
		E246C44528C8A8090068B7CC /* Embed Watch Content */ = {
			isa = PBXCopyFilesBuildPhase;
			buildActionMask = 2147483647;
			dstPath = "$(CONTENTS_FOLDER_PATH)/Watch";
			dstSubfolderSpec = 16;
			files = (
				E246C43328C8A8080068B7CC /* WatchOS-Playground Watch App.app in Embed Watch Content */,
			);
			name = "Embed Watch Content";
			runOnlyForDeploymentPostprocessing = 0;
		};
/* End PBXCopyFilesBuildPhase section */

/* Begin PBXFileReference section */
		E246C42C28C8A8080068B7CC /* WatchOS-Playground.app */ = {isa = PBXFileReference; explicitFileType = wrapper.application; includeInIndex = 0; path = "WatchOS-Playground.app"; sourceTree = BUILT_PRODUCTS_DIR; };
		E246C43228C8A8080068B7CC /* WatchOS-Playground Watch App.app */ = {isa = PBXFileReference; explicitFileType = wrapper.application; includeInIndex = 0; path = "WatchOS-Playground Watch App.app"; sourceTree = BUILT_PRODUCTS_DIR; };
		E246C43728C8A8080068B7CC /* WatchOS_PlaygroundApp.swift */ = {isa = PBXFileReference; lastKnownFileType = sourcecode.swift; path = WatchOS_PlaygroundApp.swift; sourceTree = "<group>"; };
		E246C43928C8A8080068B7CC /* ContentView.swift */ = {isa = PBXFileReference; lastKnownFileType = sourcecode.swift; path = ContentView.swift; sourceTree = "<group>"; };
		E246C43B28C8A8090068B7CC /* Assets.xcassets */ = {isa = PBXFileReference; lastKnownFileType = folder.assetcatalog; path = Assets.xcassets; sourceTree = "<group>"; };
		E246C43E28C8A8090068B7CC /* Preview Assets.xcassets */ = {isa = PBXFileReference; lastKnownFileType = folder.assetcatalog; path = "Preview Assets.xcassets"; sourceTree = "<group>"; };
/* End PBXFileReference section */

/* Begin PBXFrameworksBuildPhase section */
		E246C42F28C8A8080068B7CC /* Frameworks */ = {
			isa = PBXFrameworksBuildPhase;
			buildActionMask = 2147483647;
			files = (
			);
			runOnlyForDeploymentPostprocessing = 0;
		};
/* End PBXFrameworksBuildPhase section */

/* Begin PBXGroup section */
		E246C42528C8A8070068B7CC = {
			isa = PBXGroup;
			children = (
				E246C43628C8A8080068B7CC /* WatchOS-Playground Watch App */,
				E246C42D28C8A8080068B7CC /* Products */,
			);
			sourceTree = "<group>";
		};
		E246C42D28C8A8080068B7CC /* Products */ = {
			isa = PBXGroup;
			children = (
				E246C42C28C8A8080068B7CC /* WatchOS-Playground.app */,
				E246C43228C8A8080068B7CC /* WatchOS-Playground Watch App.app */,
			);
			name = Products;
			sourceTree = "<group>";
		};
		E246C43628C8A8080068B7CC /* WatchOS-Playground Watch App */ = {
			isa = PBXGroup;
			children = (
				E246C43728C8A8080068B7CC /* WatchOS_PlaygroundApp.swift */,
				E246C43928C8A8080068B7CC /* ContentView.swift */,
				E246C43B28C8A8090068B7CC /* Assets.xcassets */,
				E246C43D28C8A8090068B7CC /* Preview Content */,
			);
			path = "WatchOS-Playground Watch App";
			sourceTree = "<group>";
		};
		E246C43D28C8A8090068B7CC /* Preview Content */ = {
			isa = PBXGroup;
			children = (
				E246C43E28C8A8090068B7CC /* Preview Assets.xcassets */,
			);
			path = "Preview Content";
			sourceTree = "<group>";
		};
/* End PBXGroup section */

/* Begin PBXNativeTarget section */
		E246C42B28C8A8080068B7CC /* WatchOS-Playground */ = {
			isa = PBXNativeTarget;
			buildConfigurationList = E246C44628C8A8090068B7CC /* Build configuration list for PBXNativeTarget "WatchOS-Playground" */;
			buildPhases = (
				E246C42A28C8A8080068B7CC /* Resources */,
				E246C44528C8A8090068B7CC /* Embed Watch Content */,
			);
			buildRules = (
			);
			dependencies = (
				E246C43528C8A8080068B7CC /* PBXTargetDependency */,
			);
			name = "WatchOS-Playground";
			productName = "WatchOS-Playground";
			productReference = E246C42C28C8A8080068B7CC /* WatchOS-Playground.app */;
			productType = "com.apple.product-type.application.watchapp2-container";
		};
		E246C43128C8A8080068B7CC /* WatchOS-Playground Watch App */ = {
			isa = PBXNativeTarget;
			buildConfigurationList = E246C44228C8A8090068B7CC /* Build configuration list for PBXNativeTarget "WatchOS-Playground Watch App" */;
			buildPhases = (
				E246C42E28C8A8080068B7CC /* Sources */,
				E246C42F28C8A8080068B7CC /* Frameworks */,
				E246C43028C8A8080068B7CC /* Resources */,
			);
			buildRules = (
			);
			dependencies = (
			);
			name = "WatchOS-Playground Watch App";
			productName = "WatchOS-Playground Watch App";
			productReference = E246C43228C8A8080068B7CC /* WatchOS-Playground Watch App.app */;
			productType = "com.apple.product-type.application";
		};
/* End PBXNativeTarget section */

/* Begin PBXProject section */
		E246C42628C8A8070068B7CC /* Project object */ = {
			isa = PBXProject;
			attributes = {
				BuildIndependentTargetsInParallel = 1;
				LastSwiftUpdateCheck = 1400;
				LastUpgradeCheck = 1400;
				TargetAttributes = {
					E246C42B28C8A8080068B7CC = {
						CreatedOnToolsVersion = 14.0;
					};
					E246C43128C8A8080068B7CC = {
						CreatedOnToolsVersion = 14.0;
					};
				};
			};
			buildConfigurationList = E246C42928C8A8070068B7CC /* Build configuration list for PBXProject "WatchOS-Playground" */;
			compatibilityVersion = "Xcode 14.0";
			developmentRegion = en;
			hasScannedForEncodings = 0;
			knownRegions = (
				en,
				Base,
			);
			mainGroup = E246C42528C8A8070068B7CC;
			productRefGroup = E246C42D28C8A8080068B7CC /* Products */;
			projectDirPath = "";
			projectRoot = "";
			targets = (
				E246C42B28C8A8080068B7CC /* WatchOS-Playground */,
				E246C43128C8A8080068B7CC /* WatchOS-Playground Watch App */,
			);
		};
/* End PBXProject section */

/* Begin PBXResourcesBuildPhase section */
		E246C42A28C8A8080068B7CC /* Resources */ = {
			isa = PBXResourcesBuildPhase;
			buildActionMask = 2147483647;
			files = (
			);
			runOnlyForDeploymentPostprocessing = 0;
		};
		E246C43028C8A8080068B7CC /* Resources */ = {
			isa = PBXResourcesBuildPhase;
			buildActionMask = 2147483647;
			files = (
				E246C43F28C8A8090068B7CC /* Preview Assets.xcassets in Resources */,
				E246C43C28C8A8090068B7CC /* Assets.xcassets in Resources */,
			);
			runOnlyForDeploymentPostprocessing = 0;
		};
/* End PBXResourcesBuildPhase section */

/* Begin PBXSourcesBuildPhase section */
		E246C42E28C8A8080068B7CC /* Sources */ = {
			isa = PBXSourcesBuildPhase;
			buildActionMask = 2147483647;
			files = (
				E246C43A28C8A8080068B7CC /* ContentView.swift in Sources */,
				E246C43828C8A8080068B7CC /* WatchOS_PlaygroundApp.swift in Sources */,
			);
			runOnlyForDeploymentPostprocessing = 0;
		};
/* End PBXSourcesBuildPhase section */

/* Begin PBXTargetDependency section */
		E246C43528C8A8080068B7CC /* PBXTargetDependency */ = {
			isa = PBXTargetDependency;
			target = E246C43128C8A8080068B7CC /* WatchOS-Playground Watch App */;
			targetProxy = E246C43428C8A8080068B7CC /* PBXContainerItemProxy */;
		};
/* End PBXTargetDependency section */

/* Begin XCBuildConfiguration section */
		E246C44028C8A8090068B7CC /* Debug */ = {
			isa = XCBuildConfiguration;
			buildSettings = {
				ALWAYS_SEARCH_USER_PATHS = NO;
				CLANG_ANALYZER_NONNULL = YES;
				CLANG_ANALYZER_NUMBER_OBJECT_CONVERSION = YES_AGGRESSIVE;
				CLANG_CXX_LANGUAGE_STANDARD = "gnu++17";
				CLANG_ENABLE_MODULES = YES;
				CLANG_ENABLE_OBJC_ARC = YES;
				CLANG_ENABLE_OBJC_WEAK = YES;
				CLANG_WARN_BLOCK_CAPTURE_AUTORELEASING = YES;
				CLANG_WARN_BOOL_CONVERSION = YES;
				CLANG_WARN_COMMA = YES;
				CLANG_WARN_CONSTANT_CONVERSION = YES;
				CLANG_WARN_DEPRECATED_OBJC_IMPLEMENTATIONS = YES;
				CLANG_WARN_DIRECT_OBJC_ISA_USAGE = YES_ERROR;
				CLANG_WARN_DOCUMENTATION_COMMENTS = YES;
				CLANG_WARN_EMPTY_BODY = YES;
				CLANG_WARN_ENUM_CONVERSION = YES;
				CLANG_WARN_INFINITE_RECURSION = YES;
				CLANG_WARN_INT_CONVERSION = YES;
				CLANG_WARN_NON_LITERAL_NULL_CONVERSION = YES;
				CLANG_WARN_OBJC_IMPLICIT_RETAIN_SELF = YES;
				CLANG_WARN_OBJC_LITERAL_CONVERSION = YES;
				CLANG_WARN_OBJC_ROOT_CLASS = YES_ERROR;
				CLANG_WARN_QUOTED_INCLUDE_IN_FRAMEWORK_HEADER = YES;
				CLANG_WARN_RANGE_LOOP_ANALYSIS = YES;
				CLANG_WARN_STRICT_PROTOTYPES = YES;
				CLANG_WARN_SUSPICIOUS_MOVE = YES;
				CLANG_WARN_UNGUARDED_AVAILABILITY = YES_AGGRESSIVE;
				CLANG_WARN_UNREACHABLE_CODE = YES;
				CLANG_WARN__DUPLICATE_METHOD_MATCH = YES;
				COPY_PHASE_STRIP = NO;
				DEBUG_INFORMATION_FORMAT = dwarf;
				ENABLE_STRICT_OBJC_MSGSEND = YES;
				ENABLE_TESTABILITY = YES;
				GCC_C_LANGUAGE_STANDARD = gnu11;
				GCC_DYNAMIC_NO_PIC = NO;
				GCC_NO_COMMON_BLOCKS = YES;
				GCC_OPTIMIZATION_LEVEL = 0;
				GCC_PREPROCESSOR_DEFINITIONS = (
					"DEBUG=1",
					"$(inherited)",
				);
				GCC_WARN_64_TO_32_BIT_CONVERSION = YES;
				GCC_WARN_ABOUT_RETURN_TYPE = YES_ERROR;
				GCC_WARN_UNDECLARED_SELECTOR = YES;
				GCC_WARN_UNINITIALIZED_AUTOS = YES_AGGRESSIVE;
				GCC_WARN_UNUSED_FUNCTION = YES;
				GCC_WARN_UNUSED_VARIABLE = YES;
				MTL_ENABLE_DEBUG_INFO = INCLUDE_SOURCE;
				MTL_FAST_MATH = YES;
				ONLY_ACTIVE_ARCH = YES;
				SWIFT_ACTIVE_COMPILATION_CONDITIONS = DEBUG;
				SWIFT_OPTIMIZATION_LEVEL = "-Onone";
			};
			name = Debug;
		};
		E246C44128C8A8090068B7CC /* Release */ = {
			isa = XCBuildConfiguration;
			buildSettings = {
				ALWAYS_SEARCH_USER_PATHS = NO;
				CLANG_ANALYZER_NONNULL = YES;
				CLANG_ANALYZER_NUMBER_OBJECT_CONVERSION = YES_AGGRESSIVE;
				CLANG_CXX_LANGUAGE_STANDARD = "gnu++17";
				CLANG_ENABLE_MODULES = YES;
				CLANG_ENABLE_OBJC_ARC = YES;
				CLANG_ENABLE_OBJC_WEAK = YES;
				CLANG_WARN_BLOCK_CAPTURE_AUTORELEASING = YES;
				CLANG_WARN_BOOL_CONVERSION = YES;
				CLANG_WARN_COMMA = YES;
				CLANG_WARN_CONSTANT_CONVERSION = YES;
				CLANG_WARN_DEPRECATED_OBJC_IMPLEMENTATIONS = YES;
				CLANG_WARN_DIRECT_OBJC_ISA_USAGE = YES_ERROR;
				CLANG_WARN_DOCUMENTATION_COMMENTS = YES;
				CLANG_WARN_EMPTY_BODY = YES;
				CLANG_WARN_ENUM_CONVERSION = YES;
				CLANG_WARN_INFINITE_RECURSION = YES;
				CLANG_WARN_INT_CONVERSION = YES;
				CLANG_WARN_NON_LITERAL_NULL_CONVERSION = YES;
				CLANG_WARN_OBJC_IMPLICIT_RETAIN_SELF = YES;
				CLANG_WARN_OBJC_LITERAL_CONVERSION = YES;
				CLANG_WARN_OBJC_ROOT_CLASS = YES_ERROR;
				CLANG_WARN_QUOTED_INCLUDE_IN_FRAMEWORK_HEADER = YES;
				CLANG_WARN_RANGE_LOOP_ANALYSIS = YES;
				CLANG_WARN_STRICT_PROTOTYPES = YES;
				CLANG_WARN_SUSPICIOUS_MOVE = YES;
				CLANG_WARN_UNGUARDED_AVAILABILITY = YES_AGGRESSIVE;
				CLANG_WARN_UNREACHABLE_CODE = YES;
				CLANG_WARN__DUPLICATE_METHOD_MATCH = YES;
				COPY_PHASE_STRIP = NO;
				DEBUG_INFORMATION_FORMAT = "dwarf-with-dsym";
				ENABLE_NS_ASSERTIONS = NO;
				ENABLE_STRICT_OBJC_MSGSEND = YES;
				GCC_C_LANGUAGE_STANDARD = gnu11;
				GCC_NO_COMMON_BLOCKS = YES;
				GCC_WARN_64_TO_32_BIT_CONVERSION = YES;
				GCC_WARN_ABOUT_RETURN_TYPE = YES_ERROR;
				GCC_WARN_UNDECLARED_SELECTOR = YES;
				GCC_WARN_UNINITIALIZED_AUTOS = YES_AGGRESSIVE;
				GCC_WARN_UNUSED_FUNCTION = YES;
				GCC_WARN_UNUSED_VARIABLE = YES;
				MTL_ENABLE_DEBUG_INFO = NO;
				MTL_FAST_MATH = YES;
				SWIFT_COMPILATION_MODE = wholemodule;
				SWIFT_OPTIMIZATION_LEVEL = "-O";
			};
			name = Release;
		};
		E246C44328C8A8090068B7CC /* Debug */ = {
			isa = XCBuildConfiguration;
			buildSettings = {
				ASSETCATALOG_COMPILER_APPICON_NAME = AppIcon;
				ASSETCATALOG_COMPILER_GLOBAL_ACCENT_COLOR_NAME = AccentColor;
				CODE_SIGN_STYLE = Automatic;
				CURRENT_PROJECT_VERSION = 1;
				DEVELOPMENT_ASSET_PATHS = "\"WatchOS-Playground Watch App/Preview Content\"";
				DEVELOPMENT_TEAM = KWBL32UU3W;
				ENABLE_PREVIEWS = YES;
				GENERATE_INFOPLIST_FILE = YES;
				INFOPLIST_KEY_CFBundleDisplayName = "WatchOS-Playground";
				INFOPLIST_KEY_UISupportedInterfaceOrientations = "UIInterfaceOrientationPortrait UIInterfaceOrientationPortraitUpsideDown";
				INFOPLIST_KEY_WKWatchOnly = YES;
				LD_RUNPATH_SEARCH_PATHS = (
					"$(inherited)",
					"@executable_path/Frameworks",
				);
				MARKETING_VERSION = 1.0;
				PRODUCT_BUNDLE_IDENTIFIER = "kattyrina77-gmail.com.WatchOS-Playground.watchkitapp";
				PRODUCT_NAME = "$(TARGET_NAME)";
				SDKROOT = watchos;
				SKIP_INSTALL = YES;
				SWIFT_EMIT_LOC_STRINGS = YES;
				SWIFT_VERSION = 5.0;
				TARGETED_DEVICE_FAMILY = 4;
				WATCHOS_DEPLOYMENT_TARGET = 9.0;
			};
			name = Debug;
		};
		E246C44428C8A8090068B7CC /* Release */ = {
			isa = XCBuildConfiguration;
			buildSettings = {
				ASSETCATALOG_COMPILER_APPICON_NAME = AppIcon;
				ASSETCATALOG_COMPILER_GLOBAL_ACCENT_COLOR_NAME = AccentColor;
				CODE_SIGN_STYLE = Automatic;
				CURRENT_PROJECT_VERSION = 1;
				DEVELOPMENT_ASSET_PATHS = "\"WatchOS-Playground Watch App/Preview Content\"";
				DEVELOPMENT_TEAM = KWBL32UU3W;
				ENABLE_PREVIEWS = YES;
				GENERATE_INFOPLIST_FILE = YES;
				INFOPLIST_KEY_CFBundleDisplayName = "WatchOS-Playground";
				INFOPLIST_KEY_UISupportedInterfaceOrientations = "UIInterfaceOrientationPortrait UIInterfaceOrientationPortraitUpsideDown";
				INFOPLIST_KEY_WKWatchOnly = YES;
				LD_RUNPATH_SEARCH_PATHS = (
					"$(inherited)",
					"@executable_path/Frameworks",
				);
				MARKETING_VERSION = 1.0;
				PRODUCT_BUNDLE_IDENTIFIER = "kattyrina77-gmail.com.WatchOS-Playground.watchkitapp";
				PRODUCT_NAME = "$(TARGET_NAME)";
				SDKROOT = watchos;
				SKIP_INSTALL = YES;
				SWIFT_EMIT_LOC_STRINGS = YES;
				SWIFT_VERSION = 5.0;
				TARGETED_DEVICE_FAMILY = 4;
				VALIDATE_PRODUCT = YES;
				WATCHOS_DEPLOYMENT_TARGET = 9.0;
			};
			name = Release;
		};
		E246C44728C8A8090068B7CC /* Debug */ = {
			isa = XCBuildConfiguration;
			buildSettings = {
				ALWAYS_EMBED_SWIFT_STANDARD_LIBRARIES = YES;
				CODE_SIGN_STYLE = Automatic;
				CURRENT_PROJECT_VERSION = 1;
				DEVELOPMENT_TEAM = KWBL32UU3W;
				INFOPLIST_KEY_CFBundleDisplayName = "WatchOS-Playground";
				MARKETING_VERSION = 1.0;
				PRODUCT_BUNDLE_IDENTIFIER = "kattyrina77-gmail.com.WatchOS-Playground";
				PRODUCT_NAME = "$(TARGET_NAME)";
				SDKROOT = iphoneos;
				SWIFT_VERSION = 5.0;
			};
			name = Debug;
		};
		E246C44828C8A8090068B7CC /* Release */ = {
			isa = XCBuildConfiguration;
			buildSettings = {
				ALWAYS_EMBED_SWIFT_STANDARD_LIBRARIES = YES;
				CODE_SIGN_STYLE = Automatic;
				CURRENT_PROJECT_VERSION = 1;
				DEVELOPMENT_TEAM = KWBL32UU3W;
				INFOPLIST_KEY_CFBundleDisplayName = "WatchOS-Playground";
				MARKETING_VERSION = 1.0;
				PRODUCT_BUNDLE_IDENTIFIER = "kattyrina77-gmail.com.WatchOS-Playground";
				PRODUCT_NAME = "$(TARGET_NAME)";
				SDKROOT = iphoneos;
				SWIFT_VERSION = 5.0;
				VALIDATE_PRODUCT = YES;
			};
			name = Release;
		};
/* End XCBuildConfiguration section */

/* Begin XCConfigurationList section */
		E246C42928C8A8070068B7CC /* Build configuration list for PBXProject "WatchOS-Playground" */ = {
			isa = XCConfigurationList;
			buildConfigurations = (
				E246C44028C8A8090068B7CC /* Debug */,
				E246C44128C8A8090068B7CC /* Release */,
			);
			defaultConfigurationIsVisible = 0;
			defaultConfigurationName = Release;
		};
		E246C44228C8A8090068B7CC /* Build configuration list for PBXNativeTarget "WatchOS-Playground Watch App" */ = {
			isa = XCConfigurationList;
			buildConfigurations = (
				E246C44328C8A8090068B7CC /* Debug */,
				E246C44428C8A8090068B7CC /* Release */,
			);
			defaultConfigurationIsVisible = 0;
			defaultConfigurationName = Release;
		};
		E246C44628C8A8090068B7CC /* Build configuration list for PBXNativeTarget "WatchOS-Playground" */ = {
			isa = XCConfigurationList;
			buildConfigurations = (
				E246C44728C8A8090068B7CC /* Debug */,
				E246C44828C8A8090068B7CC /* Release */,
			);
			defaultConfigurationIsVisible = 0;
			defaultConfigurationName = Release;
		};
/* End XCConfigurationList section */
	};
	rootObject = E246C42628C8A8070068B7CC /* Project object */;
}
