// !$*UTF8*$!
{
	archiveVersion = 1;
	classes = {
	};
	objectVersion = 56;
	objects = {

/* Begin PBXBuildFile section */
		E29EDE4F29CCA7CF0030F17A /* CombineExperimentsApp.swift in Sources */ = {isa = PBXBuildFile; fileRef = E29EDE4E29CCA7CF0030F17A /* CombineExperimentsApp.swift */; };
		E29EDE5129CCA7CF0030F17A /* ContentView.swift in Sources */ = {isa = PBXBuildFile; fileRef = E29EDE5029CCA7CF0030F17A /* ContentView.swift */; };
		E29EDE5329CCA7D10030F17A /* Assets.xcassets in Resources */ = {isa = PBXBuildFile; fileRef = E29EDE5229CCA7D10030F17A /* Assets.xcassets */; };
		E29EDE5629CCA7D10030F17A /* Preview Assets.xcassets in Resources */ = {isa = PBXBuildFile; fileRef = E29EDE5529CCA7D10030F17A /* Preview Assets.xcassets */; };
		E29EDE5D29CCB0D20030F17A /* TwoTextFields.swift in Sources */ = {isa = PBXBuildFile; fileRef = E29EDE5C29CCB0D20030F17A /* TwoTextFields.swift */; };
		E29EDE5F29CDDAA50030F17A /* ITunes+Networking.swift in Sources */ = {isa = PBXBuildFile; fileRef = E29EDE5E29CDDAA50030F17A /* ITunes+Networking.swift */; };
		E29EDE6229CDDB070030F17A /* SwiftyJSON in Frameworks */ = {isa = PBXBuildFile; productRef = E29EDE6129CDDB070030F17A /* SwiftyJSON */; };
		E29EDE6429CDFF2A0030F17A /* ITunesSearchViewModel.swift in Sources */ = {isa = PBXBuildFile; fileRef = E29EDE6329CDFF2A0030F17A /* ITunesSearchViewModel.swift */; };
		E29EDE6629CE05680030F17A /* ITunesSearchView.swift in Sources */ = {isa = PBXBuildFile; fileRef = E29EDE6529CE05680030F17A /* ITunesSearchView.swift */; };
		E29EDE6A29CE0F0E0030F17A /* Product.swift in Sources */ = {isa = PBXBuildFile; fileRef = E29EDE6929CE0F0E0030F17A /* Product.swift */; };
/* End PBXBuildFile section */

/* Begin PBXFileReference section */
		E29EDE4B29CCA7CF0030F17A /* CombineExperiments.app */ = {isa = PBXFileReference; explicitFileType = wrapper.application; includeInIndex = 0; path = CombineExperiments.app; sourceTree = BUILT_PRODUCTS_DIR; };
		E29EDE4E29CCA7CF0030F17A /* CombineExperimentsApp.swift */ = {isa = PBXFileReference; lastKnownFileType = sourcecode.swift; path = CombineExperimentsApp.swift; sourceTree = "<group>"; };
		E29EDE5029CCA7CF0030F17A /* ContentView.swift */ = {isa = PBXFileReference; lastKnownFileType = sourcecode.swift; path = ContentView.swift; sourceTree = "<group>"; };
		E29EDE5229CCA7D10030F17A /* Assets.xcassets */ = {isa = PBXFileReference; lastKnownFileType = folder.assetcatalog; path = Assets.xcassets; sourceTree = "<group>"; };
		E29EDE5529CCA7D10030F17A /* Preview Assets.xcassets */ = {isa = PBXFileReference; lastKnownFileType = folder.assetcatalog; path = "Preview Assets.xcassets"; sourceTree = "<group>"; };
		E29EDE5C29CCB0D20030F17A /* TwoTextFields.swift */ = {isa = PBXFileReference; lastKnownFileType = sourcecode.swift; path = TwoTextFields.swift; sourceTree = "<group>"; };
		E29EDE5E29CDDAA50030F17A /* ITunes+Networking.swift */ = {isa = PBXFileReference; lastKnownFileType = sourcecode.swift; path = "ITunes+Networking.swift"; sourceTree = "<group>"; };
		E29EDE6329CDFF2A0030F17A /* ITunesSearchViewModel.swift */ = {isa = PBXFileReference; lastKnownFileType = sourcecode.swift; path = ITunesSearchViewModel.swift; sourceTree = "<group>"; };
		E29EDE6529CE05680030F17A /* ITunesSearchView.swift */ = {isa = PBXFileReference; lastKnownFileType = sourcecode.swift; path = ITunesSearchView.swift; sourceTree = "<group>"; };
		E29EDE6929CE0F0E0030F17A /* Product.swift */ = {isa = PBXFileReference; lastKnownFileType = sourcecode.swift; path = Product.swift; sourceTree = "<group>"; };
/* End PBXFileReference section */

/* Begin PBXFrameworksBuildPhase section */
		E29EDE4829CCA7CF0030F17A /* Frameworks */ = {
			isa = PBXFrameworksBuildPhase;
			buildActionMask = 2147483647;
			files = (
				E29EDE6229CDDB070030F17A /* SwiftyJSON in Frameworks */,
			);
			runOnlyForDeploymentPostprocessing = 0;
		};
/* End PBXFrameworksBuildPhase section */

/* Begin PBXGroup section */
		E29EDE4229CCA7CF0030F17A = {
			isa = PBXGroup;
			children = (
				E29EDE4D29CCA7CF0030F17A /* CombineExperiments */,
				E29EDE4C29CCA7CF0030F17A /* Products */,
			);
			sourceTree = "<group>";
		};
		E29EDE4C29CCA7CF0030F17A /* Products */ = {
			isa = PBXGroup;
			children = (
				E29EDE4B29CCA7CF0030F17A /* CombineExperiments.app */,
			);
			name = Products;
			sourceTree = "<group>";
		};
		E29EDE4D29CCA7CF0030F17A /* CombineExperiments */ = {
			isa = PBXGroup;
			children = (
				E29EDE4E29CCA7CF0030F17A /* CombineExperimentsApp.swift */,
				E29EDE5029CCA7CF0030F17A /* ContentView.swift */,
				E29EDE5C29CCB0D20030F17A /* TwoTextFields.swift */,
				E29EDE6729CE0EE30030F17A /* ITunesSearch */,
				E29EDE5229CCA7D10030F17A /* Assets.xcassets */,
				E29EDE5429CCA7D10030F17A /* Preview Content */,
			);
			path = CombineExperiments;
			sourceTree = "<group>";
		};
		E29EDE5429CCA7D10030F17A /* Preview Content */ = {
			isa = PBXGroup;
			children = (
				E29EDE5529CCA7D10030F17A /* Preview Assets.xcassets */,
			);
			path = "Preview Content";
			sourceTree = "<group>";
		};
		E29EDE6729CE0EE30030F17A /* ITunesSearch */ = {
			isa = PBXGroup;
			children = (
				E29EDE6829CE0EF40030F17A /* Views */,
				E29EDE5E29CDDAA50030F17A /* ITunes+Networking.swift */,
				E29EDE6329CDFF2A0030F17A /* ITunesSearchViewModel.swift */,
				E29EDE6929CE0F0E0030F17A /* Product.swift */,
			);
			path = ITunesSearch;
			sourceTree = "<group>";
		};
		E29EDE6829CE0EF40030F17A /* Views */ = {
			isa = PBXGroup;
			children = (
				E29EDE6529CE05680030F17A /* ITunesSearchView.swift */,
			);
			path = Views;
			sourceTree = "<group>";
		};
/* End PBXGroup section */

/* Begin PBXNativeTarget section */
		E29EDE4A29CCA7CF0030F17A /* CombineExperiments */ = {
			isa = PBXNativeTarget;
			buildConfigurationList = E29EDE5929CCA7D10030F17A /* Build configuration list for PBXNativeTarget "CombineExperiments" */;
			buildPhases = (
				E29EDE4729CCA7CF0030F17A /* Sources */,
				E29EDE4829CCA7CF0030F17A /* Frameworks */,
				E29EDE4929CCA7CF0030F17A /* Resources */,
			);
			buildRules = (
			);
			dependencies = (
			);
			name = CombineExperiments;
			packageProductDependencies = (
				E29EDE6129CDDB070030F17A /* SwiftyJSON */,
			);
			productName = CombineExperiments;
			productReference = E29EDE4B29CCA7CF0030F17A /* CombineExperiments.app */;
			productType = "com.apple.product-type.application";
		};
/* End PBXNativeTarget section */

/* Begin PBXProject section */
		E29EDE4329CCA7CF0030F17A /* Project object */ = {
			isa = PBXProject;
			attributes = {
				BuildIndependentTargetsInParallel = 1;
				LastSwiftUpdateCheck = 1420;
				LastUpgradeCheck = 1420;
				TargetAttributes = {
					E29EDE4A29CCA7CF0030F17A = {
						CreatedOnToolsVersion = 14.2;
					};
				};
			};
			buildConfigurationList = E29EDE4629CCA7CF0030F17A /* Build configuration list for PBXProject "CombineExperiments" */;
			compatibilityVersion = "Xcode 14.0";
			developmentRegion = en;
			hasScannedForEncodings = 0;
			knownRegions = (
				en,
				Base,
			);
			mainGroup = E29EDE4229CCA7CF0030F17A;
			packageReferences = (
				E29EDE6029CDDB070030F17A /* XCRemoteSwiftPackageReference "SwiftyJSON" */,
			);
			productRefGroup = E29EDE4C29CCA7CF0030F17A /* Products */;
			projectDirPath = "";
			projectRoot = "";
			targets = (
				E29EDE4A29CCA7CF0030F17A /* CombineExperiments */,
			);
		};
/* End PBXProject section */

/* Begin PBXResourcesBuildPhase section */
		E29EDE4929CCA7CF0030F17A /* Resources */ = {
			isa = PBXResourcesBuildPhase;
			buildActionMask = 2147483647;
			files = (
				E29EDE5629CCA7D10030F17A /* Preview Assets.xcassets in Resources */,
				E29EDE5329CCA7D10030F17A /* Assets.xcassets in Resources */,
			);
			runOnlyForDeploymentPostprocessing = 0;
		};
/* End PBXResourcesBuildPhase section */

/* Begin PBXSourcesBuildPhase section */
		E29EDE4729CCA7CF0030F17A /* Sources */ = {
			isa = PBXSourcesBuildPhase;
			buildActionMask = 2147483647;
			files = (
				E29EDE5129CCA7CF0030F17A /* ContentView.swift in Sources */,
				E29EDE4F29CCA7CF0030F17A /* CombineExperimentsApp.swift in Sources */,
				E29EDE6429CDFF2A0030F17A /* ITunesSearchViewModel.swift in Sources */,
				E29EDE5D29CCB0D20030F17A /* TwoTextFields.swift in Sources */,
				E29EDE6629CE05680030F17A /* ITunesSearchView.swift in Sources */,
				E29EDE5F29CDDAA50030F17A /* ITunes+Networking.swift in Sources */,
				E29EDE6A29CE0F0E0030F17A /* Product.swift in Sources */,
			);
			runOnlyForDeploymentPostprocessing = 0;
		};
/* End PBXSourcesBuildPhase section */

/* Begin XCBuildConfiguration section */
		E29EDE5729CCA7D10030F17A /* Debug */ = {
			isa = XCBuildConfiguration;
			buildSettings = {
				ALWAYS_SEARCH_USER_PATHS = NO;
				CLANG_ANALYZER_NONNULL = YES;
				CLANG_ANALYZER_NUMBER_OBJECT_CONVERSION = YES_AGGRESSIVE;
				CLANG_CXX_LANGUAGE_STANDARD = "gnu++20";
				CLANG_ENABLE_MODULES = YES;
				CLANG_ENABLE_OBJC_ARC = YES;
				CLANG_ENABLE_OBJC_WEAK = YES;
				CLANG_WARN_BLOCK_CAPTURE_AUTORELEASING = YES;
				CLANG_WARN_BOOL_CONVERSION = YES;
				CLANG_WARN_COMMA = YES;
				CLANG_WARN_CONSTANT_CONVERSION = YES;
				CLANG_WARN_DEPRECATED_OBJC_IMPLEMENTATIONS = YES;
				CLANG_WARN_DIRECT_OBJC_ISA_USAGE = YES_ERROR;
				CLANG_WARN_DOCUMENTATION_COMMENTS = YES;
				CLANG_WARN_EMPTY_BODY = YES;
				CLANG_WARN_ENUM_CONVERSION = YES;
				CLANG_WARN_INFINITE_RECURSION = YES;
				CLANG_WARN_INT_CONVERSION = YES;
				CLANG_WARN_NON_LITERAL_NULL_CONVERSION = YES;
				CLANG_WARN_OBJC_IMPLICIT_RETAIN_SELF = YES;
				CLANG_WARN_OBJC_LITERAL_CONVERSION = YES;
				CLANG_WARN_OBJC_ROOT_CLASS = YES_ERROR;
				CLANG_WARN_QUOTED_INCLUDE_IN_FRAMEWORK_HEADER = YES;
				CLANG_WARN_RANGE_LOOP_ANALYSIS = YES;
				CLANG_WARN_STRICT_PROTOTYPES = YES;
				CLANG_WARN_SUSPICIOUS_MOVE = YES;
				CLANG_WARN_UNGUARDED_AVAILABILITY = YES_AGGRESSIVE;
				CLANG_WARN_UNREACHABLE_CODE = YES;
				CLANG_WARN__DUPLICATE_METHOD_MATCH = YES;
				COPY_PHASE_STRIP = NO;
				DEBUG_INFORMATION_FORMAT = dwarf;
				ENABLE_STRICT_OBJC_MSGSEND = YES;
				ENABLE_TESTABILITY = YES;
				GCC_C_LANGUAGE_STANDARD = gnu11;
				GCC_DYNAMIC_NO_PIC = NO;
				GCC_NO_COMMON_BLOCKS = YES;
				GCC_OPTIMIZATION_LEVEL = 0;
				GCC_PREPROCESSOR_DEFINITIONS = (
					"DEBUG=1",
					"$(inherited)",
				);
				GCC_WARN_64_TO_32_BIT_CONVERSION = YES;
				GCC_WARN_ABOUT_RETURN_TYPE = YES_ERROR;
				GCC_WARN_UNDECLARED_SELECTOR = YES;
				GCC_WARN_UNINITIALIZED_AUTOS = YES_AGGRESSIVE;
				GCC_WARN_UNUSED_FUNCTION = YES;
				GCC_WARN_UNUSED_VARIABLE = YES;
				IPHONEOS_DEPLOYMENT_TARGET = 16.2;
				MTL_ENABLE_DEBUG_INFO = INCLUDE_SOURCE;
				MTL_FAST_MATH = YES;
				ONLY_ACTIVE_ARCH = YES;
				SDKROOT = iphoneos;
				SWIFT_ACTIVE_COMPILATION_CONDITIONS = DEBUG;
				SWIFT_OPTIMIZATION_LEVEL = "-Onone";
			};
			name = Debug;
		};
		E29EDE5829CCA7D10030F17A /* Release */ = {
			isa = XCBuildConfiguration;
			buildSettings = {
				ALWAYS_SEARCH_USER_PATHS = NO;
				CLANG_ANALYZER_NONNULL = YES;
				CLANG_ANALYZER_NUMBER_OBJECT_CONVERSION = YES_AGGRESSIVE;
				CLANG_CXX_LANGUAGE_STANDARD = "gnu++20";
				CLANG_ENABLE_MODULES = YES;
				CLANG_ENABLE_OBJC_ARC = YES;
				CLANG_ENABLE_OBJC_WEAK = YES;
				CLANG_WARN_BLOCK_CAPTURE_AUTORELEASING = YES;
				CLANG_WARN_BOOL_CONVERSION = YES;
				CLANG_WARN_COMMA = YES;
				CLANG_WARN_CONSTANT_CONVERSION = YES;
				CLANG_WARN_DEPRECATED_OBJC_IMPLEMENTATIONS = YES;
				CLANG_WARN_DIRECT_OBJC_ISA_USAGE = YES_ERROR;
				CLANG_WARN_DOCUMENTATION_COMMENTS = YES;
				CLANG_WARN_EMPTY_BODY = YES;
				CLANG_WARN_ENUM_CONVERSION = YES;
				CLANG_WARN_INFINITE_RECURSION = YES;
				CLANG_WARN_INT_CONVERSION = YES;
				CLANG_WARN_NON_LITERAL_NULL_CONVERSION = YES;
				CLANG_WARN_OBJC_IMPLICIT_RETAIN_SELF = YES;
				CLANG_WARN_OBJC_LITERAL_CONVERSION = YES;
				CLANG_WARN_OBJC_ROOT_CLASS = YES_ERROR;
				CLANG_WARN_QUOTED_INCLUDE_IN_FRAMEWORK_HEADER = YES;
				CLANG_WARN_RANGE_LOOP_ANALYSIS = YES;
				CLANG_WARN_STRICT_PROTOTYPES = YES;
				CLANG_WARN_SUSPICIOUS_MOVE = YES;
				CLANG_WARN_UNGUARDED_AVAILABILITY = YES_AGGRESSIVE;
				CLANG_WARN_UNREACHABLE_CODE = YES;
				CLANG_WARN__DUPLICATE_METHOD_MATCH = YES;
				COPY_PHASE_STRIP = NO;
				DEBUG_INFORMATION_FORMAT = "dwarf-with-dsym";
				ENABLE_NS_ASSERTIONS = NO;
				ENABLE_STRICT_OBJC_MSGSEND = YES;
				GCC_C_LANGUAGE_STANDARD = gnu11;
				GCC_NO_COMMON_BLOCKS = YES;
				GCC_WARN_64_TO_32_BIT_CONVERSION = YES;
				GCC_WARN_ABOUT_RETURN_TYPE = YES_ERROR;
				GCC_WARN_UNDECLARED_SELECTOR = YES;
				GCC_WARN_UNINITIALIZED_AUTOS = YES_AGGRESSIVE;
				GCC_WARN_UNUSED_FUNCTION = YES;
				GCC_WARN_UNUSED_VARIABLE = YES;
				IPHONEOS_DEPLOYMENT_TARGET = 16.2;
				MTL_ENABLE_DEBUG_INFO = NO;
				MTL_FAST_MATH = YES;
				SDKROOT = iphoneos;
				SWIFT_COMPILATION_MODE = wholemodule;
				SWIFT_OPTIMIZATION_LEVEL = "-O";
				VALIDATE_PRODUCT = YES;
			};
			name = Release;
		};
		E29EDE5A29CCA7D10030F17A /* Debug */ = {
			isa = XCBuildConfiguration;
			buildSettings = {
				ASSETCATALOG_COMPILER_APPICON_NAME = AppIcon;
				ASSETCATALOG_COMPILER_GLOBAL_ACCENT_COLOR_NAME = AccentColor;
				CODE_SIGN_STYLE = Automatic;
				CURRENT_PROJECT_VERSION = 1;
				DEVELOPMENT_ASSET_PATHS = "\"CombineExperiments/Preview Content\"";
				DEVELOPMENT_TEAM = KWBL32UU3W;
				ENABLE_PREVIEWS = YES;
				GENERATE_INFOPLIST_FILE = YES;
				INFOPLIST_KEY_UIApplicationSceneManifest_Generation = YES;
				INFOPLIST_KEY_UIApplicationSupportsIndirectInputEvents = YES;
				INFOPLIST_KEY_UILaunchScreen_Generation = YES;
				INFOPLIST_KEY_UISupportedInterfaceOrientations_iPad = "UIInterfaceOrientationPortrait UIInterfaceOrientationPortraitUpsideDown UIInterfaceOrientationLandscapeLeft UIInterfaceOrientationLandscapeRight";
				INFOPLIST_KEY_UISupportedInterfaceOrientations_iPhone = "UIInterfaceOrientationPortrait UIInterfaceOrientationLandscapeLeft UIInterfaceOrientationLandscapeRight";
				LD_RUNPATH_SEARCH_PATHS = (
					"$(inherited)",
					"@executable_path/Frameworks",
				);
				MARKETING_VERSION = 1.0;
				PRODUCT_BUNDLE_IDENTIFIER = "kattyrina77-gmail.com.CombineExperiments";
				PRODUCT_NAME = "$(TARGET_NAME)";
				SWIFT_EMIT_LOC_STRINGS = YES;
				SWIFT_VERSION = 5.0;
				TARGETED_DEVICE_FAMILY = "1,2";
			};
			name = Debug;
		};
		E29EDE5B29CCA7D10030F17A /* Release */ = {
			isa = XCBuildConfiguration;
			buildSettings = {
				ASSETCATALOG_COMPILER_APPICON_NAME = AppIcon;
				ASSETCATALOG_COMPILER_GLOBAL_ACCENT_COLOR_NAME = AccentColor;
				CODE_SIGN_STYLE = Automatic;
				CURRENT_PROJECT_VERSION = 1;
				DEVELOPMENT_ASSET_PATHS = "\"CombineExperiments/Preview Content\"";
				DEVELOPMENT_TEAM = KWBL32UU3W;
				ENABLE_PREVIEWS = YES;
				GENERATE_INFOPLIST_FILE = YES;
				INFOPLIST_KEY_UIApplicationSceneManifest_Generation = YES;
				INFOPLIST_KEY_UIApplicationSupportsIndirectInputEvents = YES;
				INFOPLIST_KEY_UILaunchScreen_Generation = YES;
				INFOPLIST_KEY_UISupportedInterfaceOrientations_iPad = "UIInterfaceOrientationPortrait UIInterfaceOrientationPortraitUpsideDown UIInterfaceOrientationLandscapeLeft UIInterfaceOrientationLandscapeRight";
				INFOPLIST_KEY_UISupportedInterfaceOrientations_iPhone = "UIInterfaceOrientationPortrait UIInterfaceOrientationLandscapeLeft UIInterfaceOrientationLandscapeRight";
				LD_RUNPATH_SEARCH_PATHS = (
					"$(inherited)",
					"@executable_path/Frameworks",
				);
				MARKETING_VERSION = 1.0;
				PRODUCT_BUNDLE_IDENTIFIER = "kattyrina77-gmail.com.CombineExperiments";
				PRODUCT_NAME = "$(TARGET_NAME)";
				SWIFT_EMIT_LOC_STRINGS = YES;
				SWIFT_VERSION = 5.0;
				TARGETED_DEVICE_FAMILY = "1,2";
			};
			name = Release;
		};
/* End XCBuildConfiguration section */

/* Begin XCConfigurationList section */
		E29EDE4629CCA7CF0030F17A /* Build configuration list for PBXProject "CombineExperiments" */ = {
			isa = XCConfigurationList;
			buildConfigurations = (
				E29EDE5729CCA7D10030F17A /* Debug */,
				E29EDE5829CCA7D10030F17A /* Release */,
			);
			defaultConfigurationIsVisible = 0;
			defaultConfigurationName = Release;
		};
		E29EDE5929CCA7D10030F17A /* Build configuration list for PBXNativeTarget "CombineExperiments" */ = {
			isa = XCConfigurationList;
			buildConfigurations = (
				E29EDE5A29CCA7D10030F17A /* Debug */,
				E29EDE5B29CCA7D10030F17A /* Release */,
			);
			defaultConfigurationIsVisible = 0;
			defaultConfigurationName = Release;
		};
/* End XCConfigurationList section */

/* Begin XCRemoteSwiftPackageReference section */
		E29EDE6029CDDB070030F17A /* XCRemoteSwiftPackageReference "SwiftyJSON" */ = {
			isa = XCRemoteSwiftPackageReference;
			repositoryURL = "https://github.com/SwiftyJSON/SwiftyJSON.git";
			requirement = {
				kind = upToNextMajorVersion;
				minimumVersion = 5.0.0;
			};
		};
/* End XCRemoteSwiftPackageReference section */

/* Begin XCSwiftPackageProductDependency section */
		E29EDE6129CDDB070030F17A /* SwiftyJSON */ = {
			isa = XCSwiftPackageProductDependency;
			package = E29EDE6029CDDB070030F17A /* XCRemoteSwiftPackageReference "SwiftyJSON" */;
			productName = SwiftyJSON;
		};
/* End XCSwiftPackageProductDependency section */
	};
	rootObject = E29EDE4329CCA7CF0030F17A /* Project object */;
}
